// !$*UTF8*$!
{
	archiveVersion = 1;
	classes = {
	};
	objectVersion = 56;
	objects = {

/* Begin PBXBuildFile section */
		DF0D9FF32EB392BD006F589C /* LINESeedJP_A_OTF_Bd.otf in Resources */ = {isa = PBXBuildFile; fileRef = DF0D9FF22EB392BC006F589C /* LINESeedJP_A_OTF_Bd.otf */; };
		DF0D9FF52EB392C8006F589C /* LINESeedJP_A_OTF_Rg.otf in Resources */ = {isa = PBXBuildFile; fileRef = DF0D9FF42EB392C8006F589C /* LINESeedJP_A_OTF_Rg.otf */; };
		DF0D9FF72EB3966F006F589C /* ComentController.swift in Sources */ = {isa = PBXBuildFile; fileRef = DF0D9FF62EB3966E006F589C /* ComentController.swift */; };
		DF6C458D2EB6F50A00BCFE76 /* Pods_ReBuild.framework in Frameworks */ = {isa = PBXBuildFile; fileRef = B063012B82AE56F4AB620994 /* Pods_ReBuild.framework */; };
		DFA8C0422EB86A470013566C /* CommentMapViewController.swift in Sources */ = {isa = PBXBuildFile; fileRef = DFA8C0412EB86A470013566C /* CommentMapViewController.swift */; };
		DFBC2F432EAB2FF9002C01EF /* AppDelegate.swift in Sources */ = {isa = PBXBuildFile; fileRef = DFBC2F422EAB2FF9002C01EF /* AppDelegate.swift */; };
		DFBC2F452EAB2FF9002C01EF /* SceneDelegate.swift in Sources */ = {isa = PBXBuildFile; fileRef = DFBC2F442EAB2FF9002C01EF /* SceneDelegate.swift */; };
		DFBC2F472EAB2FF9002C01EF /* ViewController.swift in Sources */ = {isa = PBXBuildFile; fileRef = DFBC2F462EAB2FF9002C01EF /* ViewController.swift */; };
		DFBC2F4A2EAB2FF9002C01EF /* Base in Resources */ = {isa = PBXBuildFile; fileRef = DFBC2F492EAB2FF9002C01EF /* Base */; };
		DFBC2F4C2EAB2FFC002C01EF /* Assets.xcassets in Resources */ = {isa = PBXBuildFile; fileRef = DFBC2F4B2EAB2FFC002C01EF /* Assets.xcassets */; };
		DFBC2F4F2EAB2FFC002C01EF /* Base in Resources */ = {isa = PBXBuildFile; fileRef = DFBC2F4E2EAB2FFC002C01EF /* Base */; };
		DFBC2F5A2EAB2FFC002C01EF /* ReBuildTests.swift in Sources */ = {isa = PBXBuildFile; fileRef = DFBC2F592EAB2FFC002C01EF /* ReBuildTests.swift */; };
		DFBC2F642EAB2FFC002C01EF /* ReBuildUITests.swift in Sources */ = {isa = PBXBuildFile; fileRef = DFBC2F632EAB2FFC002C01EF /* ReBuildUITests.swift */; };
		DFBC2F662EAB2FFC002C01EF /* ReBuildUITestsLaunchTests.swift in Sources */ = {isa = PBXBuildFile; fileRef = DFBC2F652EAB2FFC002C01EF /* ReBuildUITestsLaunchTests.swift */; };
		DFBC2F732EAC6A29002C01EF /* ResuldViewController.swift in Sources */ = {isa = PBXBuildFile; fileRef = DFBC2F722EAC6A29002C01EF /* ResuldViewController.swift */; };
		DFBC2F752EAD9374002C01EF /* MapViewController.swift in Sources */ = {isa = PBXBuildFile; fileRef = DFBC2F742EAD9374002C01EF /* MapViewController.swift */; };
/* End PBXBuildFile section */

/* Begin PBXContainerItemProxy section */
		DFBC2F562EAB2FFC002C01EF /* PBXContainerItemProxy */ = {
			isa = PBXContainerItemProxy;
			containerPortal = DFBC2F372EAB2FF9002C01EF /* Project object */;
			proxyType = 1;
			remoteGlobalIDString = DFBC2F3E2EAB2FF9002C01EF;
			remoteInfo = ReBuild;
		};
		DFBC2F602EAB2FFC002C01EF /* PBXContainerItemProxy */ = {
			isa = PBXContainerItemProxy;
			containerPortal = DFBC2F372EAB2FF9002C01EF /* Project object */;
			proxyType = 1;
			remoteGlobalIDString = DFBC2F3E2EAB2FF9002C01EF;
			remoteInfo = ReBuild;
		};
/* End PBXContainerItemProxy section */

/* Begin PBXFileReference section */
		B063012B82AE56F4AB620994 /* Pods_ReBuild.framework */ = {isa = PBXFileReference; explicitFileType = wrapper.framework; includeInIndex = 0; path = Pods_ReBuild.framework; sourceTree = BUILT_PRODUCTS_DIR; };
		BAB971A82A1438873C9F24D8 /* Pods-ReBuild.debug.xcconfig */ = {isa = PBXFileReference; includeInIndex = 1; lastKnownFileType = text.xcconfig; name = "Pods-ReBuild.debug.xcconfig"; path = "Target Support Files/Pods-ReBuild/Pods-ReBuild.debug.xcconfig"; sourceTree = "<group>"; };
		CF65F0C40A1C4BCC0AFD09A2 /* Pods-ReBuild.release.xcconfig */ = {isa = PBXFileReference; includeInIndex = 1; lastKnownFileType = text.xcconfig; name = "Pods-ReBuild.release.xcconfig"; path = "Target Support Files/Pods-ReBuild/Pods-ReBuild.release.xcconfig"; sourceTree = "<group>"; };
		DF0D9FF22EB392BC006F589C /* LINESeedJP_A_OTF_Bd.otf */ = {isa = PBXFileReference; lastKnownFileType = file; path = LINESeedJP_A_OTF_Bd.otf; sourceTree = "<group>"; };
		DF0D9FF42EB392C8006F589C /* LINESeedJP_A_OTF_Rg.otf */ = {isa = PBXFileReference; lastKnownFileType = file; path = LINESeedJP_A_OTF_Rg.otf; sourceTree = "<group>"; };
		DF0D9FF62EB3966E006F589C /* ComentController.swift */ = {isa = PBXFileReference; fileEncoding = 4; lastKnownFileType = sourcecode.swift; path = ComentController.swift; sourceTree = "<group>"; };
		DFA8C0412EB86A470013566C /* CommentMapViewController.swift */ = {isa = PBXFileReference; lastKnownFileType = sourcecode.swift; path = CommentMapViewController.swift; sourceTree = "<group>"; };
		DFBC2F3F2EAB2FF9002C01EF /* ReBuild.app */ = {isa = PBXFileReference; explicitFileType = wrapper.application; includeInIndex = 0; path = ReBuild.app; sourceTree = BUILT_PRODUCTS_DIR; };
		DFBC2F422EAB2FF9002C01EF /* AppDelegate.swift */ = {isa = PBXFileReference; lastKnownFileType = sourcecode.swift; path = AppDelegate.swift; sourceTree = "<group>"; };
		DFBC2F442EAB2FF9002C01EF /* SceneDelegate.swift */ = {isa = PBXFileReference; lastKnownFileType = sourcecode.swift; path = SceneDelegate.swift; sourceTree = "<group>"; };
		DFBC2F462EAB2FF9002C01EF /* ViewController.swift */ = {isa = PBXFileReference; lastKnownFileType = sourcecode.swift; path = ViewController.swift; sourceTree = "<group>"; };
		DFBC2F492EAB2FF9002C01EF /* Base */ = {isa = PBXFileReference; lastKnownFileType = file.storyboard; name = Base; path = Base.lproj/Main.storyboard; sourceTree = "<group>"; };
		DFBC2F4B2EAB2FFC002C01EF /* Assets.xcassets */ = {isa = PBXFileReference; lastKnownFileType = folder.assetcatalog; path = Assets.xcassets; sourceTree = "<group>"; };
		DFBC2F4E2EAB2FFC002C01EF /* Base */ = {isa = PBXFileReference; lastKnownFileType = file.storyboard; name = Base; path = Base.lproj/LaunchScreen.storyboard; sourceTree = "<group>"; };
		DFBC2F502EAB2FFC002C01EF /* Info.plist */ = {isa = PBXFileReference; lastKnownFileType = text.plist.xml; path = Info.plist; sourceTree = "<group>"; };
		DFBC2F552EAB2FFC002C01EF /* ReBuildTests.xctest */ = {isa = PBXFileReference; explicitFileType = wrapper.cfbundle; includeInIndex = 0; path = ReBuildTests.xctest; sourceTree = BUILT_PRODUCTS_DIR; };
		DFBC2F592EAB2FFC002C01EF /* ReBuildTests.swift */ = {isa = PBXFileReference; lastKnownFileType = sourcecode.swift; path = ReBuildTests.swift; sourceTree = "<group>"; };
		DFBC2F5F2EAB2FFC002C01EF /* ReBuildUITests.xctest */ = {isa = PBXFileReference; explicitFileType = wrapper.cfbundle; includeInIndex = 0; path = ReBuildUITests.xctest; sourceTree = BUILT_PRODUCTS_DIR; };
		DFBC2F632EAB2FFC002C01EF /* ReBuildUITests.swift */ = {isa = PBXFileReference; lastKnownFileType = sourcecode.swift; path = ReBuildUITests.swift; sourceTree = "<group>"; };
		DFBC2F652EAB2FFC002C01EF /* ReBuildUITestsLaunchTests.swift */ = {isa = PBXFileReference; lastKnownFileType = sourcecode.swift; path = ReBuildUITestsLaunchTests.swift; sourceTree = "<group>"; };
		DFBC2F722EAC6A29002C01EF /* ResuldViewController.swift */ = {isa = PBXFileReference; lastKnownFileType = sourcecode.swift; path = ResuldViewController.swift; sourceTree = "<group>"; };
		DFBC2F742EAD9374002C01EF /* MapViewController.swift */ = {isa = PBXFileReference; lastKnownFileType = sourcecode.swift; path = MapViewController.swift; sourceTree = "<group>"; };
/* End PBXFileReference section */

/* Begin PBXFrameworksBuildPhase section */
		DFBC2F3C2EAB2FF9002C01EF /* Frameworks */ = {
			isa = PBXFrameworksBuildPhase;
			buildActionMask = 2147483647;
			files = (
				DF6C458D2EB6F50A00BCFE76 /* Pods_ReBuild.framework in Frameworks */,
			);
			runOnlyForDeploymentPostprocessing = 0;
		};
		DFBC2F522EAB2FFC002C01EF /* Frameworks */ = {
			isa = PBXFrameworksBuildPhase;
			buildActionMask = 2147483647;
			files = (
			);
			runOnlyForDeploymentPostprocessing = 0;
		};
		DFBC2F5C2EAB2FFC002C01EF /* Frameworks */ = {
			isa = PBXFrameworksBuildPhase;
			buildActionMask = 2147483647;
			files = (
			);
			runOnlyForDeploymentPostprocessing = 0;
		};
/* End PBXFrameworksBuildPhase section */

/* Begin PBXGroup section */
		26071060FC55483DA23E9FFB /* Pods */ = {
			isa = PBXGroup;
			children = (
				BAB971A82A1438873C9F24D8 /* Pods-ReBuild.debug.xcconfig */,
				CF65F0C40A1C4BCC0AFD09A2 /* Pods-ReBuild.release.xcconfig */,
			);
			path = Pods;
			sourceTree = "<group>";
		};
		BA48D22098BA04A0D42A6300 /* Frameworks */ = {
			isa = PBXGroup;
			children = (
				B063012B82AE56F4AB620994 /* Pods_ReBuild.framework */,
			);
			name = Frameworks;
			sourceTree = "<group>";
		};
		DFBC2F362EAB2FF9002C01EF = {
			isa = PBXGroup;
			children = (
				DFBC2F412EAB2FF9002C01EF /* ReBuild */,
				DFBC2F582EAB2FFC002C01EF /* ReBuildTests */,
				DFBC2F622EAB2FFC002C01EF /* ReBuildUITests */,
				DFBC2F402EAB2FF9002C01EF /* Products */,
				26071060FC55483DA23E9FFB /* Pods */,
				BA48D22098BA04A0D42A6300 /* Frameworks */,
			);
			sourceTree = "<group>";
		};
		DFBC2F402EAB2FF9002C01EF /* Products */ = {
			isa = PBXGroup;
			children = (
				DFBC2F3F2EAB2FF9002C01EF /* ReBuild.app */,
				DFBC2F552EAB2FFC002C01EF /* ReBuildTests.xctest */,
				DFBC2F5F2EAB2FFC002C01EF /* ReBuildUITests.xctest */,
			);
			name = Products;
			sourceTree = "<group>";
		};
		DFBC2F412EAB2FF9002C01EF /* ReBuild */ = {
			isa = PBXGroup;
			children = (
				DFBC2F422EAB2FF9002C01EF /* AppDelegate.swift */,
				DFBC2F442EAB2FF9002C01EF /* SceneDelegate.swift */,
				DF0D9FF62EB3966E006F589C /* ComentController.swift */,
				DFBC2F462EAB2FF9002C01EF /* ViewController.swift */,
				DFBC2F482EAB2FF9002C01EF /* Main.storyboard */,
				DFA8C0412EB86A470013566C /* CommentMapViewController.swift */,
				DFBC2F722EAC6A29002C01EF /* ResuldViewController.swift */,
				DFBC2F742EAD9374002C01EF /* MapViewController.swift */,
				DFBC2F4B2EAB2FFC002C01EF /* Assets.xcassets */,
				DFBC2F4D2EAB2FFC002C01EF /* LaunchScreen.storyboard */,
				DF0D9FF42EB392C8006F589C /* LINESeedJP_A_OTF_Rg.otf */,
				DF0D9FF22EB392BC006F589C /* LINESeedJP_A_OTF_Bd.otf */,
				DFBC2F502EAB2FFC002C01EF /* Info.plist */,
			);
			path = ReBuild;
			sourceTree = "<group>";
		};
		DFBC2F582EAB2FFC002C01EF /* ReBuildTests */ = {
			isa = PBXGroup;
			children = (
				DFBC2F592EAB2FFC002C01EF /* ReBuildTests.swift */,
			);
			path = ReBuildTests;
			sourceTree = "<group>";
		};
		DFBC2F622EAB2FFC002C01EF /* ReBuildUITests */ = {
			isa = PBXGroup;
			children = (
				DFBC2F632EAB2FFC002C01EF /* ReBuildUITests.swift */,
				DFBC2F652EAB2FFC002C01EF /* ReBuildUITestsLaunchTests.swift */,
			);
			path = ReBuildUITests;
			sourceTree = "<group>";
		};
/* End PBXGroup section */

/* Begin PBXNativeTarget section */
		DFBC2F3E2EAB2FF9002C01EF /* ReBuild */ = {
			isa = PBXNativeTarget;
			buildConfigurationList = DFBC2F692EAB2FFC002C01EF /* Build configuration list for PBXNativeTarget "ReBuild" */;
			buildPhases = (
				F03202E0248D2CCB3643B85D /* [CP] Check Pods Manifest.lock */,
				DFBC2F3B2EAB2FF9002C01EF /* Sources */,
				DFBC2F3C2EAB2FF9002C01EF /* Frameworks */,
				DFBC2F3D2EAB2FF9002C01EF /* Resources */,
				D3F13823DE94FF669E728E1E /* [CP] Embed Pods Frameworks */,
			);
			buildRules = (
			);
			dependencies = (
			);
			name = ReBuild;
			productName = ReBuild;
			productReference = DFBC2F3F2EAB2FF9002C01EF /* ReBuild.app */;
			productType = "com.apple.product-type.application";
		};
		DFBC2F542EAB2FFC002C01EF /* ReBuildTests */ = {
			isa = PBXNativeTarget;
			buildConfigurationList = DFBC2F6C2EAB2FFC002C01EF /* Build configuration list for PBXNativeTarget "ReBuildTests" */;
			buildPhases = (
				DFBC2F512EAB2FFC002C01EF /* Sources */,
				DFBC2F522EAB2FFC002C01EF /* Frameworks */,
				DFBC2F532EAB2FFC002C01EF /* Resources */,
			);
			buildRules = (
			);
			dependencies = (
				DFBC2F572EAB2FFC002C01EF /* PBXTargetDependency */,
			);
			name = ReBuildTests;
			productName = ReBuildTests;
			productReference = DFBC2F552EAB2FFC002C01EF /* ReBuildTests.xctest */;
			productType = "com.apple.product-type.bundle.unit-test";
		};
		DFBC2F5E2EAB2FFC002C01EF /* ReBuildUITests */ = {
			isa = PBXNativeTarget;
			buildConfigurationList = DFBC2F6F2EAB2FFC002C01EF /* Build configuration list for PBXNativeTarget "ReBuildUITests" */;
			buildPhases = (
				DFBC2F5B2EAB2FFC002C01EF /* Sources */,
				DFBC2F5C2EAB2FFC002C01EF /* Frameworks */,
				DFBC2F5D2EAB2FFC002C01EF /* Resources */,
			);
			buildRules = (
			);
			dependencies = (
				DFBC2F612EAB2FFC002C01EF /* PBXTargetDependency */,
			);
			name = ReBuildUITests;
			productName = ReBuildUITests;
			productReference = DFBC2F5F2EAB2FFC002C01EF /* ReBuildUITests.xctest */;
			productType = "com.apple.product-type.bundle.ui-testing";
		};
/* End PBXNativeTarget section */

/* Begin PBXProject section */
		DFBC2F372EAB2FF9002C01EF /* Project object */ = {
			isa = PBXProject;
			attributes = {
				BuildIndependentTargetsInParallel = 1;
				LastSwiftUpdateCheck = 1540;
				LastUpgradeCheck = 1540;
				TargetAttributes = {
					DFBC2F3E2EAB2FF9002C01EF = {
						CreatedOnToolsVersion = 15.4;
					};
					DFBC2F542EAB2FFC002C01EF = {
						CreatedOnToolsVersion = 15.4;
						TestTargetID = DFBC2F3E2EAB2FF9002C01EF;
					};
					DFBC2F5E2EAB2FFC002C01EF = {
						CreatedOnToolsVersion = 15.4;
						TestTargetID = DFBC2F3E2EAB2FF9002C01EF;
					};
				};
			};
			buildConfigurationList = DFBC2F3A2EAB2FF9002C01EF /* Build configuration list for PBXProject "ReBuild" */;
			compatibilityVersion = "Xcode 14.0";
			developmentRegion = en;
			hasScannedForEncodings = 0;
			knownRegions = (
				en,
				Base,
			);
			mainGroup = DFBC2F362EAB2FF9002C01EF;
			productRefGroup = DFBC2F402EAB2FF9002C01EF /* Products */;
			projectDirPath = "";
			projectRoot = "";
			targets = (
				DFBC2F3E2EAB2FF9002C01EF /* ReBuild */,
				DFBC2F542EAB2FFC002C01EF /* ReBuildTests */,
				DFBC2F5E2EAB2FFC002C01EF /* ReBuildUITests */,
			);
		};
/* End PBXProject section */

/* Begin PBXResourcesBuildPhase section */
		DFBC2F3D2EAB2FF9002C01EF /* Resources */ = {
			isa = PBXResourcesBuildPhase;
			buildActionMask = 2147483647;
			files = (
				DF0D9FF52EB392C8006F589C /* LINESeedJP_A_OTF_Rg.otf in Resources */,
				DFBC2F4C2EAB2FFC002C01EF /* Assets.xcassets in Resources */,
				DFBC2F4F2EAB2FFC002C01EF /* Base in Resources */,
				DF0D9FF32EB392BD006F589C /* LINESeedJP_A_OTF_Bd.otf in Resources */,
				DFBC2F4A2EAB2FF9002C01EF /* Base in Resources */,
			);
			runOnlyForDeploymentPostprocessing = 0;
		};
		DFBC2F532EAB2FFC002C01EF /* Resources */ = {
			isa = PBXResourcesBuildPhase;
			buildActionMask = 2147483647;
			files = (
			);
			runOnlyForDeploymentPostprocessing = 0;
		};
		DFBC2F5D2EAB2FFC002C01EF /* Resources */ = {
			isa = PBXResourcesBuildPhase;
			buildActionMask = 2147483647;
			files = (
			);
			runOnlyForDeploymentPostprocessing = 0;
		};
/* End PBXResourcesBuildPhase section */

/* Begin PBXShellScriptBuildPhase section */
		D3F13823DE94FF669E728E1E /* [CP] Embed Pods Frameworks */ = {
			isa = PBXShellScriptBuildPhase;
			buildActionMask = 2147483647;
			files = (
			);
			inputFileListPaths = (
				"${PODS_ROOT}/Target Support Files/Pods-ReBuild/Pods-ReBuild-frameworks-${CONFIGURATION}-input-files.xcfilelist",
			);
			name = "[CP] Embed Pods Frameworks";
			outputFileListPaths = (
				"${PODS_ROOT}/Target Support Files/Pods-ReBuild/Pods-ReBuild-frameworks-${CONFIGURATION}-output-files.xcfilelist",
			);
			runOnlyForDeploymentPostprocessing = 0;
			shellPath = /bin/sh;
			shellScript = "\"${PODS_ROOT}/Target Support Files/Pods-ReBuild/Pods-ReBuild-frameworks.sh\"\n";
			showEnvVarsInLog = 0;
		};
		F03202E0248D2CCB3643B85D /* [CP] Check Pods Manifest.lock */ = {
			isa = PBXShellScriptBuildPhase;
			buildActionMask = 2147483647;
			files = (
			);
			inputFileListPaths = (
			);
			inputPaths = (
				"${PODS_PODFILE_DIR_PATH}/Podfile.lock",
				"${PODS_ROOT}/Manifest.lock",
			);
			name = "[CP] Check Pods Manifest.lock";
			outputFileListPaths = (
			);
			outputPaths = (
				"$(DERIVED_FILE_DIR)/Pods-ReBuild-checkManifestLockResult.txt",
			);
			runOnlyForDeploymentPostprocessing = 0;
			shellPath = /bin/sh;
			shellScript = "diff \"${PODS_PODFILE_DIR_PATH}/Podfile.lock\" \"${PODS_ROOT}/Manifest.lock\" > /dev/null\nif [ $? != 0 ] ; then\n    # print error to STDERR\n    echo \"error: The sandbox is not in sync with the Podfile.lock. Run 'pod install' or update your CocoaPods installation.\" >&2\n    exit 1\nfi\n# This output is used by Xcode 'outputs' to avoid re-running this script phase.\necho \"SUCCESS\" > \"${SCRIPT_OUTPUT_FILE_0}\"\n";
			showEnvVarsInLog = 0;
		};
/* End PBXShellScriptBuildPhase section */

/* Begin PBXSourcesBuildPhase section */
		DFBC2F3B2EAB2FF9002C01EF /* Sources */ = {
			isa = PBXSourcesBuildPhase;
			buildActionMask = 2147483647;
			files = (
				DFBC2F472EAB2FF9002C01EF /* ViewController.swift in Sources */,
				DFA8C0422EB86A470013566C /* CommentMapViewController.swift in Sources */,
				DFBC2F432EAB2FF9002C01EF /* AppDelegate.swift in Sources */,
				DFBC2F452EAB2FF9002C01EF /* SceneDelegate.swift in Sources */,
				DFBC2F752EAD9374002C01EF /* MapViewController.swift in Sources */,
				DFBC2F732EAC6A29002C01EF /* ResuldViewController.swift in Sources */,
				DF0D9FF72EB3966F006F589C /* ComentController.swift in Sources */,
			);
			runOnlyForDeploymentPostprocessing = 0;
		};
		DFBC2F512EAB2FFC002C01EF /* Sources */ = {
			isa = PBXSourcesBuildPhase;
			buildActionMask = 2147483647;
			files = (
				DFBC2F5A2EAB2FFC002C01EF /* ReBuildTests.swift in Sources */,
			);
			runOnlyForDeploymentPostprocessing = 0;
		};
		DFBC2F5B2EAB2FFC002C01EF /* Sources */ = {
			isa = PBXSourcesBuildPhase;
			buildActionMask = 2147483647;
			files = (
				DFBC2F662EAB2FFC002C01EF /* ReBuildUITestsLaunchTests.swift in Sources */,
				DFBC2F642EAB2FFC002C01EF /* ReBuildUITests.swift in Sources */,
			);
			runOnlyForDeploymentPostprocessing = 0;
		};
/* End PBXSourcesBuildPhase section */

/* Begin PBXTargetDependency section */
		DFBC2F572EAB2FFC002C01EF /* PBXTargetDependency */ = {
			isa = PBXTargetDependency;
			target = DFBC2F3E2EAB2FF9002C01EF /* ReBuild */;
			targetProxy = DFBC2F562EAB2FFC002C01EF /* PBXContainerItemProxy */;
		};
		DFBC2F612EAB2FFC002C01EF /* PBXTargetDependency */ = {
			isa = PBXTargetDependency;
			target = DFBC2F3E2EAB2FF9002C01EF /* ReBuild */;
			targetProxy = DFBC2F602EAB2FFC002C01EF /* PBXContainerItemProxy */;
		};
/* End PBXTargetDependency section */

/* Begin PBXVariantGroup section */
		DFBC2F482EAB2FF9002C01EF /* Main.storyboard */ = {
			isa = PBXVariantGroup;
			children = (
				DFBC2F492EAB2FF9002C01EF /* Base */,
			);
			name = Main.storyboard;
			sourceTree = "<group>";
		};
		DFBC2F4D2EAB2FFC002C01EF /* LaunchScreen.storyboard */ = {
			isa = PBXVariantGroup;
			children = (
				DFBC2F4E2EAB2FFC002C01EF /* Base */,
			);
			name = LaunchScreen.storyboard;
			sourceTree = "<group>";
		};
/* End PBXVariantGroup section */

/* Begin XCBuildConfiguration section */
		DFBC2F672EAB2FFC002C01EF /* Debug */ = {
			isa = XCBuildConfiguration;
			buildSettings = {
				ALWAYS_SEARCH_USER_PATHS = NO;
				ASSETCATALOG_COMPILER_GENERATE_SWIFT_ASSET_SYMBOL_EXTENSIONS = YES;
				CLANG_ANALYZER_NONNULL = YES;
				CLANG_ANALYZER_NUMBER_OBJECT_CONVERSION = YES_AGGRESSIVE;
				CLANG_CXX_LANGUAGE_STANDARD = "gnu++20";
				CLANG_ENABLE_MODULES = YES;
				CLANG_ENABLE_OBJC_ARC = YES;
				CLANG_ENABLE_OBJC_WEAK = YES;
				CLANG_WARN_BLOCK_CAPTURE_AUTORELEASING = YES;
				CLANG_WARN_BOOL_CONVERSION = YES;
				CLANG_WARN_COMMA = YES;
				CLANG_WARN_CONSTANT_CONVERSION = YES;
				CLANG_WARN_DEPRECATED_OBJC_IMPLEMENTATIONS = YES;
				CLANG_WARN_DIRECT_OBJC_ISA_USAGE = YES_ERROR;
				CLANG_WARN_DOCUMENTATION_COMMENTS = YES;
				CLANG_WARN_EMPTY_BODY = YES;
				CLANG_WARN_ENUM_CONVERSION = YES;
				CLANG_WARN_INFINITE_RECURSION = YES;
				CLANG_WARN_INT_CONVERSION = YES;
				CLANG_WARN_NON_LITERAL_NULL_CONVERSION = YES;
				CLANG_WARN_OBJC_IMPLICIT_RETAIN_SELF = YES;
				CLANG_WARN_OBJC_LITERAL_CONVERSION = YES;
				CLANG_WARN_OBJC_ROOT_CLASS = YES_ERROR;
				CLANG_WARN_QUOTED_INCLUDE_IN_FRAMEWORK_HEADER = YES;
				CLANG_WARN_RANGE_LOOP_ANALYSIS = YES;
				CLANG_WARN_STRICT_PROTOTYPES = YES;
				CLANG_WARN_SUSPICIOUS_MOVE = YES;
				CLANG_WARN_UNGUARDED_AVAILABILITY = YES_AGGRESSIVE;
				CLANG_WARN_UNREACHABLE_CODE = YES;
				CLANG_WARN__DUPLICATE_METHOD_MATCH = YES;
				COPY_PHASE_STRIP = NO;
				DEBUG_INFORMATION_FORMAT = dwarf;
				ENABLE_STRICT_OBJC_MSGSEND = YES;
				ENABLE_TESTABILITY = YES;
				ENABLE_USER_SCRIPT_SANDBOXING = YES;
				GCC_C_LANGUAGE_STANDARD = gnu17;
				GCC_DYNAMIC_NO_PIC = NO;
				GCC_NO_COMMON_BLOCKS = YES;
				GCC_OPTIMIZATION_LEVEL = 0;
				GCC_PREPROCESSOR_DEFINITIONS = (
					"DEBUG=1",
					"$(inherited)",
				);
				GCC_WARN_64_TO_32_BIT_CONVERSION = YES;
				GCC_WARN_ABOUT_RETURN_TYPE = YES_ERROR;
				GCC_WARN_UNDECLARED_SELECTOR = YES;
				GCC_WARN_UNINITIALIZED_AUTOS = YES_AGGRESSIVE;
				GCC_WARN_UNUSED_FUNCTION = YES;
				GCC_WARN_UNUSED_VARIABLE = YES;
				IPHONEOS_DEPLOYMENT_TARGET = 17.5;
				LOCALIZATION_PREFERS_STRING_CATALOGS = YES;
				MTL_ENABLE_DEBUG_INFO = INCLUDE_SOURCE;
				MTL_FAST_MATH = YES;
				ONLY_ACTIVE_ARCH = YES;
				SDKROOT = iphoneos;
				SWIFT_ACTIVE_COMPILATION_CONDITIONS = "DEBUG $(inherited)";
				SWIFT_OPTIMIZATION_LEVEL = "-Onone";
			};
			name = Debug;
		};
		DFBC2F682EAB2FFC002C01EF /* Release */ = {
			isa = XCBuildConfiguration;
			buildSettings = {
				ALWAYS_SEARCH_USER_PATHS = NO;
				ASSETCATALOG_COMPILER_GENERATE_SWIFT_ASSET_SYMBOL_EXTENSIONS = YES;
				CLANG_ANALYZER_NONNULL = YES;
				CLANG_ANALYZER_NUMBER_OBJECT_CONVERSION = YES_AGGRESSIVE;
				CLANG_CXX_LANGUAGE_STANDARD = "gnu++20";
				CLANG_ENABLE_MODULES = YES;
				CLANG_ENABLE_OBJC_ARC = YES;
				CLANG_ENABLE_OBJC_WEAK = YES;
				CLANG_WARN_BLOCK_CAPTURE_AUTORELEASING = YES;
				CLANG_WARN_BOOL_CONVERSION = YES;
				CLANG_WARN_COMMA = YES;
				CLANG_WARN_CONSTANT_CONVERSION = YES;
				CLANG_WARN_DEPRECATED_OBJC_IMPLEMENTATIONS = YES;
				CLANG_WARN_DIRECT_OBJC_ISA_USAGE = YES_ERROR;
				CLANG_WARN_DOCUMENTATION_COMMENTS = YES;
				CLANG_WARN_EMPTY_BODY = YES;
				CLANG_WARN_ENUM_CONVERSION = YES;
				CLANG_WARN_INFINITE_RECURSION = YES;
				CLANG_WARN_INT_CONVERSION = YES;
				CLANG_WARN_NON_LITERAL_NULL_CONVERSION = YES;
				CLANG_WARN_OBJC_IMPLICIT_RETAIN_SELF = YES;
				CLANG_WARN_OBJC_LITERAL_CONVERSION = YES;
				CLANG_WARN_OBJC_ROOT_CLASS = YES_ERROR;
				CLANG_WARN_QUOTED_INCLUDE_IN_FRAMEWORK_HEADER = YES;
				CLANG_WARN_RANGE_LOOP_ANALYSIS = YES;
				CLANG_WARN_STRICT_PROTOTYPES = YES;
				CLANG_WARN_SUSPICIOUS_MOVE = YES;
				CLANG_WARN_UNGUARDED_AVAILABILITY = YES_AGGRESSIVE;
				CLANG_WARN_UNREACHABLE_CODE = YES;
				CLANG_WARN__DUPLICATE_METHOD_MATCH = YES;
				COPY_PHASE_STRIP = NO;
				DEBUG_INFORMATION_FORMAT = "dwarf-with-dsym";
				ENABLE_NS_ASSERTIONS = NO;
				ENABLE_STRICT_OBJC_MSGSEND = YES;
				ENABLE_USER_SCRIPT_SANDBOXING = YES;
				GCC_C_LANGUAGE_STANDARD = gnu17;
				GCC_NO_COMMON_BLOCKS = YES;
				GCC_WARN_64_TO_32_BIT_CONVERSION = YES;
				GCC_WARN_ABOUT_RETURN_TYPE = YES_ERROR;
				GCC_WARN_UNDECLARED_SELECTOR = YES;
				GCC_WARN_UNINITIALIZED_AUTOS = YES_AGGRESSIVE;
				GCC_WARN_UNUSED_FUNCTION = YES;
				GCC_WARN_UNUSED_VARIABLE = YES;
				IPHONEOS_DEPLOYMENT_TARGET = 17.5;
				LOCALIZATION_PREFERS_STRING_CATALOGS = YES;
				MTL_ENABLE_DEBUG_INFO = NO;
				MTL_FAST_MATH = YES;
				SDKROOT = iphoneos;
				SWIFT_COMPILATION_MODE = wholemodule;
				VALIDATE_PRODUCT = YES;
			};
			name = Release;
		};
		DFBC2F6A2EAB2FFC002C01EF /* Debug */ = {
			isa = XCBuildConfiguration;
			baseConfigurationReference = BAB971A82A1438873C9F24D8 /* Pods-ReBuild.debug.xcconfig */;
			buildSettings = {
				ASSETCATALOG_COMPILER_APPICON_NAME = AppIcon;
				ASSETCATALOG_COMPILER_GLOBAL_ACCENT_COLOR_NAME = AccentColor;
				CODE_SIGN_STYLE = Automatic;
				CURRENT_PROJECT_VERSION = 1;
				DEVELOPMENT_TEAM = 8GVN98333P;
				ENABLE_USER_SCRIPT_SANDBOXING = NO;
				GENERATE_INFOPLIST_FILE = YES;
				INFOPLIST_FILE = ReBuild/Info.plist;
				INFOPLIST_KEY_NSCameraUsageDescription = "カメラを使用する";
				INFOPLIST_KEY_NSLocationWhenInUseUsageDescription = "位置情報を取得する";
				INFOPLIST_KEY_UIApplicationSupportsIndirectInputEvents = YES;
				INFOPLIST_KEY_UILaunchStoryboardName = LaunchScreen;
				INFOPLIST_KEY_UIMainStoryboardFile = Main;
				INFOPLIST_KEY_UISupportedInterfaceOrientations = UIInterfaceOrientationPortrait;
				INFOPLIST_KEY_UISupportedInterfaceOrientations_iPad = "UIInterfaceOrientationLandscapeLeft UIInterfaceOrientationLandscapeRight UIInterfaceOrientationPortrait UIInterfaceOrientationPortraitUpsideDown";
				LD_RUNPATH_SEARCH_PATHS = (
					"$(inherited)",
					"@executable_path/Frameworks",
				);
				MARKETING_VERSION = 1.0;
				PRODUCT_BUNDLE_IDENTIFIER = jp.or.hopterschool..ReBuild;
				PRODUCT_NAME = "$(TARGET_NAME)";
				SWIFT_EMIT_LOC_STRINGS = YES;
				SWIFT_VERSION = 5.0;
				TARGETED_DEVICE_FAMILY = "1,2";
			};
			name = Debug;
		};
		DFBC2F6B2EAB2FFC002C01EF /* Release */ = {
			isa = XCBuildConfiguration;
			baseConfigurationReference = CF65F0C40A1C4BCC0AFD09A2 /* Pods-ReBuild.release.xcconfig */;
			buildSettings = {
				ASSETCATALOG_COMPILER_APPICON_NAME = AppIcon;
				ASSETCATALOG_COMPILER_GLOBAL_ACCENT_COLOR_NAME = AccentColor;
				CODE_SIGN_STYLE = Automatic;
				CURRENT_PROJECT_VERSION = 1;
				DEVELOPMENT_TEAM = 8GVN98333P;
				ENABLE_USER_SCRIPT_SANDBOXING = NO;
				GENERATE_INFOPLIST_FILE = YES;
				INFOPLIST_FILE = ReBuild/Info.plist;
				INFOPLIST_KEY_NSCameraUsageDescription = "カメラを使用する";
				INFOPLIST_KEY_NSLocationWhenInUseUsageDescription = "位置情報を取得する";
				INFOPLIST_KEY_UIApplicationSupportsIndirectInputEvents = YES;
				INFOPLIST_KEY_UILaunchStoryboardName = LaunchScreen;
				INFOPLIST_KEY_UIMainStoryboardFile = Main;
				INFOPLIST_KEY_UISupportedInterfaceOrientations = UIInterfaceOrientationPortrait;
				INFOPLIST_KEY_UISupportedInterfaceOrientations_iPad = "UIInterfaceOrientationLandscapeLeft UIInterfaceOrientationLandscapeRight UIInterfaceOrientationPortrait UIInterfaceOrientationPortraitUpsideDown";
				LD_RUNPATH_SEARCH_PATHS = (
					"$(inherited)",
					"@executable_path/Frameworks",
				);
				MARKETING_VERSION = 1.0;
				PRODUCT_BUNDLE_IDENTIFIER = jp.or.hopterschool..ReBuild;
				PRODUCT_NAME = "$(TARGET_NAME)";
				SWIFT_EMIT_LOC_STRINGS = YES;
				SWIFT_VERSION = 5.0;
				TARGETED_DEVICE_FAMILY = "1,2";
			};
			name = Release;
		};
		DFBC2F6D2EAB2FFC002C01EF /* Debug */ = {
			isa = XCBuildConfiguration;
			buildSettings = {
				ALWAYS_EMBED_SWIFT_STANDARD_LIBRARIES = YES;
				BUNDLE_LOADER = "$(TEST_HOST)";
				CODE_SIGN_STYLE = Automatic;
				CURRENT_PROJECT_VERSION = 1;
				GENERATE_INFOPLIST_FILE = YES;
				IPHONEOS_DEPLOYMENT_TARGET = 17.5;
				MARKETING_VERSION = 1.0;
				PRODUCT_BUNDLE_IDENTIFIER = jp.or.hopterschool..ReBuildTests;
				PRODUCT_NAME = "$(TARGET_NAME)";
				SWIFT_EMIT_LOC_STRINGS = NO;
				SWIFT_VERSION = 5.0;
				TARGETED_DEVICE_FAMILY = "1,2";
				TEST_HOST = "$(BUILT_PRODUCTS_DIR)/ReBuild.app/$(BUNDLE_EXECUTABLE_FOLDER_PATH)/ReBuild";
			};
			name = Debug;
		};
		DFBC2F6E2EAB2FFC002C01EF /* Release */ = {
			isa = XCBuildConfiguration;
			buildSettings = {
				ALWAYS_EMBED_SWIFT_STANDARD_LIBRARIES = YES;
				BUNDLE_LOADER = "$(TEST_HOST)";
				CODE_SIGN_STYLE = Automatic;
				CURRENT_PROJECT_VERSION = 1;
				GENERATE_INFOPLIST_FILE = YES;
				IPHONEOS_DEPLOYMENT_TARGET = 17.5;
				MARKETING_VERSION = 1.0;
				PRODUCT_BUNDLE_IDENTIFIER = jp.or.hopterschool..ReBuildTests;
				PRODUCT_NAME = "$(TARGET_NAME)";
				SWIFT_EMIT_LOC_STRINGS = NO;
				SWIFT_VERSION = 5.0;
				TARGETED_DEVICE_FAMILY = "1,2";
				TEST_HOST = "$(BUILT_PRODUCTS_DIR)/ReBuild.app/$(BUNDLE_EXECUTABLE_FOLDER_PATH)/ReBuild";
			};
			name = Release;
		};
		DFBC2F702EAB2FFC002C01EF /* Debug */ = {
			isa = XCBuildConfiguration;
			buildSettings = {
				ALWAYS_EMBED_SWIFT_STANDARD_LIBRARIES = YES;
				CODE_SIGN_STYLE = Automatic;
				CURRENT_PROJECT_VERSION = 1;
				GENERATE_INFOPLIST_FILE = YES;
				MARKETING_VERSION = 1.0;
				PRODUCT_BUNDLE_IDENTIFIER = jp.or.hopterschool..ReBuildUITests;
				PRODUCT_NAME = "$(TARGET_NAME)";
				SWIFT_EMIT_LOC_STRINGS = NO;
				SWIFT_VERSION = 5.0;
				TARGETED_DEVICE_FAMILY = "1,2";
				TEST_TARGET_NAME = ReBuild;
			};
			name = Debug;
		};
		DFBC2F712EAB2FFC002C01EF /* Release */ = {
			isa = XCBuildConfiguration;
			buildSettings = {
				ALWAYS_EMBED_SWIFT_STANDARD_LIBRARIES = YES;
				CODE_SIGN_STYLE = Automatic;
				CURRENT_PROJECT_VERSION = 1;
				GENERATE_INFOPLIST_FILE = YES;
				MARKETING_VERSION = 1.0;
				PRODUCT_BUNDLE_IDENTIFIER = jp.or.hopterschool..ReBuildUITests;
				PRODUCT_NAME = "$(TARGET_NAME)";
				SWIFT_EMIT_LOC_STRINGS = NO;
				SWIFT_VERSION = 5.0;
				TARGETED_DEVICE_FAMILY = "1,2";
				TEST_TARGET_NAME = ReBuild;
			};
			name = Release;
		};
/* End XCBuildConfiguration section */

/* Begin XCConfigurationList section */
		DFBC2F3A2EAB2FF9002C01EF /* Build configuration list for PBXProject "ReBuild" */ = {
			isa = XCConfigurationList;
			buildConfigurations = (
				DFBC2F672EAB2FFC002C01EF /* Debug */,
				DFBC2F682EAB2FFC002C01EF /* Release */,
			);
			defaultConfigurationIsVisible = 0;
			defaultConfigurationName = Release;
		};
		DFBC2F692EAB2FFC002C01EF /* Build configuration list for PBXNativeTarget "ReBuild" */ = {
			isa = XCConfigurationList;
			buildConfigurations = (
				DFBC2F6A2EAB2FFC002C01EF /* Debug */,
				DFBC2F6B2EAB2FFC002C01EF /* Release */,
			);
			defaultConfigurationIsVisible = 0;
			defaultConfigurationName = Release;
		};
		DFBC2F6C2EAB2FFC002C01EF /* Build configuration list for PBXNativeTarget "ReBuildTests" */ = {
			isa = XCConfigurationList;
			buildConfigurations = (
				DFBC2F6D2EAB2FFC002C01EF /* Debug */,
				DFBC2F6E2EAB2FFC002C01EF /* Release */,
			);
			defaultConfigurationIsVisible = 0;
			defaultConfigurationName = Release;
		};
		DFBC2F6F2EAB2FFC002C01EF /* Build configuration list for PBXNativeTarget "ReBuildUITests" */ = {
			isa = XCConfigurationList;
			buildConfigurations = (
				DFBC2F702EAB2FFC002C01EF /* Debug */,
				DFBC2F712EAB2FFC002C01EF /* Release */,
			);
			defaultConfigurationIsVisible = 0;
			defaultConfigurationName = Release;
		};
/* End XCConfigurationList section */
	};
	rootObject = DFBC2F372EAB2FF9002C01EF /* Project object */;
}
